// !$*UTF8*$!
{
	archiveVersion = 1;
	classes = {
	};
	objectVersion = 55;
	objects = {

/* Begin PBXBuildFile section */
		FC853E8227962F60007680A9 /* AppDelegate.swift in Sources */ = {isa = PBXBuildFile; fileRef = FC853E8127962F60007680A9 /* AppDelegate.swift */; };
		FC853E8427962F60007680A9 /* SceneDelegate.swift in Sources */ = {isa = PBXBuildFile; fileRef = FC853E8327962F60007680A9 /* SceneDelegate.swift */; };
		FC853E8627962F60007680A9 /* ViewController.swift in Sources */ = {isa = PBXBuildFile; fileRef = FC853E8527962F60007680A9 /* ViewController.swift */; };
		FC853E8B27962F64007680A9 /* Assets.xcassets in Resources */ = {isa = PBXBuildFile; fileRef = FC853E8A27962F64007680A9 /* Assets.xcassets */; };
		FC853E8E27962F64007680A9 /* LaunchScreen.storyboard in Resources */ = {isa = PBXBuildFile; fileRef = FC853E8C27962F64007680A9 /* LaunchScreen.storyboard */; };
		FC853E96279630A1007680A9 /* MainViewController.swift in Sources */ = {isa = PBXBuildFile; fileRef = FC853E95279630A1007680A9 /* MainViewController.swift */; };
		FC853E982796632D007680A9 /* Networking.swift in Sources */ = {isa = PBXBuildFile; fileRef = FC853E972796632D007680A9 /* Networking.swift */; };
		FC853E9B27966375007680A9 /* SwiftSoup in Frameworks */ = {isa = PBXBuildFile; productRef = FC853E9A27966375007680A9 /* SwiftSoup */; };
		FC853E9D2796646C007680A9 /* ClassDate.swift in Sources */ = {isa = PBXBuildFile; fileRef = FC853E9C2796646C007680A9 /* ClassDate.swift */; };
		FC853E9F2796648A007680A9 /* MbaClass.swift in Sources */ = {isa = PBXBuildFile; fileRef = FC853E9E2796648A007680A9 /* MbaClass.swift */; };
		FC853EA1279664B3007680A9 /* ClassType.swift in Sources */ = {isa = PBXBuildFile; fileRef = FC853EA0279664B3007680A9 /* ClassType.swift */; };
		FC853EA3279664D9007680A9 /* DateHandler.swift in Sources */ = {isa = PBXBuildFile; fileRef = FC853EA2279664D9007680A9 /* DateHandler.swift */; };
		FC853EA5279664EE007680A9 /* Utilities.swift in Sources */ = {isa = PBXBuildFile; fileRef = FC853EA4279664EE007680A9 /* Utilities.swift */; };
/* End PBXBuildFile section */

/* Begin PBXFileReference section */
		FC853E7E27962F60007680A9 /* BGNetworkingTestApp.app */ = {isa = PBXFileReference; explicitFileType = wrapper.application; includeInIndex = 0; path = BGNetworkingTestApp.app; sourceTree = BUILT_PRODUCTS_DIR; };
		FC853E8127962F60007680A9 /* AppDelegate.swift */ = {isa = PBXFileReference; lastKnownFileType = sourcecode.swift; path = AppDelegate.swift; sourceTree = "<group>"; };
		FC853E8327962F60007680A9 /* SceneDelegate.swift */ = {isa = PBXFileReference; lastKnownFileType = sourcecode.swift; path = SceneDelegate.swift; sourceTree = "<group>"; };
		FC853E8527962F60007680A9 /* ViewController.swift */ = {isa = PBXFileReference; lastKnownFileType = sourcecode.swift; path = ViewController.swift; sourceTree = "<group>"; };
		FC853E8A27962F64007680A9 /* Assets.xcassets */ = {isa = PBXFileReference; lastKnownFileType = folder.assetcatalog; path = Assets.xcassets; sourceTree = "<group>"; };
		FC853E8D27962F64007680A9 /* Base */ = {isa = PBXFileReference; lastKnownFileType = file.storyboard; name = Base; path = Base.lproj/LaunchScreen.storyboard; sourceTree = "<group>"; };
		FC853E8F27962F64007680A9 /* Info.plist */ = {isa = PBXFileReference; lastKnownFileType = text.plist.xml; path = Info.plist; sourceTree = "<group>"; };
		FC853E95279630A1007680A9 /* MainViewController.swift */ = {isa = PBXFileReference; lastKnownFileType = sourcecode.swift; path = MainViewController.swift; sourceTree = "<group>"; };
		FC853E972796632D007680A9 /* Networking.swift */ = {isa = PBXFileReference; lastKnownFileType = sourcecode.swift; path = Networking.swift; sourceTree = "<group>"; };
		FC853E9C2796646C007680A9 /* ClassDate.swift */ = {isa = PBXFileReference; lastKnownFileType = sourcecode.swift; path = ClassDate.swift; sourceTree = "<group>"; };
		FC853E9E2796648A007680A9 /* MbaClass.swift */ = {isa = PBXFileReference; lastKnownFileType = sourcecode.swift; path = MbaClass.swift; sourceTree = "<group>"; };
		FC853EA0279664B3007680A9 /* ClassType.swift */ = {isa = PBXFileReference; lastKnownFileType = sourcecode.swift; path = ClassType.swift; sourceTree = "<group>"; };
		FC853EA2279664D9007680A9 /* DateHandler.swift */ = {isa = PBXFileReference; lastKnownFileType = sourcecode.swift; path = DateHandler.swift; sourceTree = "<group>"; };
		FC853EA4279664EE007680A9 /* Utilities.swift */ = {isa = PBXFileReference; lastKnownFileType = sourcecode.swift; path = Utilities.swift; sourceTree = "<group>"; };
/* End PBXFileReference section */

/* Begin PBXFrameworksBuildPhase section */
		FC853E7B27962F60007680A9 /* Frameworks */ = {
			isa = PBXFrameworksBuildPhase;
			buildActionMask = 2147483647;
			files = (
				FC853E9B27966375007680A9 /* SwiftSoup in Frameworks */,
			);
			runOnlyForDeploymentPostprocessing = 0;
		};
/* End PBXFrameworksBuildPhase section */

/* Begin PBXGroup section */
		FC853E7527962F60007680A9 = {
			isa = PBXGroup;
			children = (
				FC853EA2279664D9007680A9 /* DateHandler.swift */,
				FC853EA4279664EE007680A9 /* Utilities.swift */,
				FC853EA0279664B3007680A9 /* ClassType.swift */,
				FC853E9E2796648A007680A9 /* MbaClass.swift */,
				FC853E8027962F60007680A9 /* BGNetworkingTestApp */,
				FC853E7F27962F60007680A9 /* Products */,
			);
			sourceTree = "<group>";
		};
		FC853E7F27962F60007680A9 /* Products */ = {
			isa = PBXGroup;
			children = (
				FC853E7E27962F60007680A9 /* BGNetworkingTestApp.app */,
			);
			name = Products;
			sourceTree = "<group>";
		};
		FC853E8027962F60007680A9 /* BGNetworkingTestApp */ = {
			isa = PBXGroup;
			children = (
				FC853E8127962F60007680A9 /* AppDelegate.swift */,
				FC853E95279630A1007680A9 /* MainViewController.swift */,
				FC853E972796632D007680A9 /* Networking.swift */,
				FC853E9C2796646C007680A9 /* ClassDate.swift */,
				FC853E8327962F60007680A9 /* SceneDelegate.swift */,
				FC853E8527962F60007680A9 /* ViewController.swift */,
				FC853E8A27962F64007680A9 /* Assets.xcassets */,
				FC853E8C27962F64007680A9 /* LaunchScreen.storyboard */,
				FC853E8F27962F64007680A9 /* Info.plist */,
			);
			path = BGNetworkingTestApp;
			sourceTree = "<group>";
		};
/* End PBXGroup section */

/* Begin PBXNativeTarget section */
		FC853E7D27962F60007680A9 /* BGNetworkingTestApp */ = {
			isa = PBXNativeTarget;
			buildConfigurationList = FC853E9227962F64007680A9 /* Build configuration list for PBXNativeTarget "BGNetworkingTestApp" */;
			buildPhases = (
				FC853E7A27962F60007680A9 /* Sources */,
				FC853E7B27962F60007680A9 /* Frameworks */,
				FC853E7C27962F60007680A9 /* Resources */,
			);
			buildRules = (
			);
			dependencies = (
			);
			name = BGNetworkingTestApp;
			packageProductDependencies = (
				FC853E9A27966375007680A9 /* SwiftSoup */,
			);
			productName = BGNetworkingTestApp;
			productReference = FC853E7E27962F60007680A9 /* BGNetworkingTestApp.app */;
			productType = "com.apple.product-type.application";
		};
/* End PBXNativeTarget section */

/* Begin PBXProject section */
		FC853E7627962F60007680A9 /* Project object */ = {
			isa = PBXProject;
			attributes = {
				BuildIndependentTargetsInParallel = 1;
				LastSwiftUpdateCheck = 1320;
				LastUpgradeCheck = 1320;
				TargetAttributes = {
					FC853E7D27962F60007680A9 = {
						CreatedOnToolsVersion = 13.2.1;
					};
				};
			};
			buildConfigurationList = FC853E7927962F60007680A9 /* Build configuration list for PBXProject "BGNetworkingTestApp" */;
			compatibilityVersion = "Xcode 13.0";
			developmentRegion = en;
			hasScannedForEncodings = 0;
			knownRegions = (
				en,
				Base,
			);
			mainGroup = FC853E7527962F60007680A9;
			packageReferences = (
				FC853E9927966375007680A9 /* XCRemoteSwiftPackageReference "SwiftSoup" */,
			);
			productRefGroup = FC853E7F27962F60007680A9 /* Products */;
			projectDirPath = "";
			projectRoot = "";
			targets = (
				FC853E7D27962F60007680A9 /* BGNetworkingTestApp */,
			);
		};
/* End PBXProject section */

/* Begin PBXResourcesBuildPhase section */
		FC853E7C27962F60007680A9 /* Resources */ = {
			isa = PBXResourcesBuildPhase;
			buildActionMask = 2147483647;
			files = (
				FC853E8E27962F64007680A9 /* LaunchScreen.storyboard in Resources */,
				FC853E8B27962F64007680A9 /* Assets.xcassets in Resources */,
			);
			runOnlyForDeploymentPostprocessing = 0;
		};
/* End PBXResourcesBuildPhase section */

/* Begin PBXSourcesBuildPhase section */
		FC853E7A27962F60007680A9 /* Sources */ = {
			isa = PBXSourcesBuildPhase;
			buildActionMask = 2147483647;
			files = (
				FC853E8627962F60007680A9 /* ViewController.swift in Sources */,
				FC853E982796632D007680A9 /* Networking.swift in Sources */,
				FC853EA3279664D9007680A9 /* DateHandler.swift in Sources */,
				FC853EA1279664B3007680A9 /* ClassType.swift in Sources */,
				FC853E9D2796646C007680A9 /* ClassDate.swift in Sources */,
				FC853E8227962F60007680A9 /* AppDelegate.swift in Sources */,
				FC853E8427962F60007680A9 /* SceneDelegate.swift in Sources */,
				FC853E96279630A1007680A9 /* MainViewController.swift in Sources */,
				FC853EA5279664EE007680A9 /* Utilities.swift in Sources */,
				FC853E9F2796648A007680A9 /* MbaClass.swift in Sources */,
			);
			runOnlyForDeploymentPostprocessing = 0;
		};
/* End PBXSourcesBuildPhase section */

/* Begin PBXVariantGroup section */
		FC853E8C27962F64007680A9 /* LaunchScreen.storyboard */ = {
			isa = PBXVariantGroup;
			children = (
				FC853E8D27962F64007680A9 /* Base */,
			);
			name = LaunchScreen.storyboard;
			sourceTree = "<group>";
		};
/* End PBXVariantGroup section */

/* Begin XCBuildConfiguration section */
		FC853E9027962F64007680A9 /* Debug */ = {
			isa = XCBuildConfiguration;
			buildSettings = {
				ALWAYS_SEARCH_USER_PATHS = NO;
				CLANG_ANALYZER_NONNULL = YES;
				CLANG_ANALYZER_NUMBER_OBJECT_CONVERSION = YES_AGGRESSIVE;
				CLANG_CXX_LANGUAGE_STANDARD = "gnu++17";
				CLANG_CXX_LIBRARY = "libc++";
				CLANG_ENABLE_MODULES = YES;
				CLANG_ENABLE_OBJC_ARC = YES;
				CLANG_ENABLE_OBJC_WEAK = YES;
				CLANG_WARN_BLOCK_CAPTURE_AUTORELEASING = YES;
				CLANG_WARN_BOOL_CONVERSION = YES;
				CLANG_WARN_COMMA = YES;
				CLANG_WARN_CONSTANT_CONVERSION = YES;
				CLANG_WARN_DEPRECATED_OBJC_IMPLEMENTATIONS = YES;
				CLANG_WARN_DIRECT_OBJC_ISA_USAGE = YES_ERROR;
				CLANG_WARN_DOCUMENTATION_COMMENTS = YES;
				CLANG_WARN_EMPTY_BODY = YES;
				CLANG_WARN_ENUM_CONVERSION = YES;
				CLANG_WARN_INFINITE_RECURSION = YES;
				CLANG_WARN_INT_CONVERSION = YES;
				CLANG_WARN_NON_LITERAL_NULL_CONVERSION = YES;
				CLANG_WARN_OBJC_IMPLICIT_RETAIN_SELF = YES;
				CLANG_WARN_OBJC_LITERAL_CONVERSION = YES;
				CLANG_WARN_OBJC_ROOT_CLASS = YES_ERROR;
				CLANG_WARN_QUOTED_INCLUDE_IN_FRAMEWORK_HEADER = YES;
				CLANG_WARN_RANGE_LOOP_ANALYSIS = YES;
				CLANG_WARN_STRICT_PROTOTYPES = YES;
				CLANG_WARN_SUSPICIOUS_MOVE = YES;
				CLANG_WARN_UNGUARDED_AVAILABILITY = YES_AGGRESSIVE;
				CLANG_WARN_UNREACHABLE_CODE = YES;
				CLANG_WARN__DUPLICATE_METHOD_MATCH = YES;
				COPY_PHASE_STRIP = NO;
				DEBUG_INFORMATION_FORMAT = dwarf;
				ENABLE_STRICT_OBJC_MSGSEND = YES;
				ENABLE_TESTABILITY = YES;
				GCC_C_LANGUAGE_STANDARD = gnu11;
				GCC_DYNAMIC_NO_PIC = NO;
				GCC_NO_COMMON_BLOCKS = YES;
				GCC_OPTIMIZATION_LEVEL = 0;
				GCC_PREPROCESSOR_DEFINITIONS = (
					"DEBUG=1",
					"$(inherited)",
				);
				GCC_WARN_64_TO_32_BIT_CONVERSION = YES;
				GCC_WARN_ABOUT_RETURN_TYPE = YES_ERROR;
				GCC_WARN_UNDECLARED_SELECTOR = YES;
				GCC_WARN_UNINITIALIZED_AUTOS = YES_AGGRESSIVE;
				GCC_WARN_UNUSED_FUNCTION = YES;
				GCC_WARN_UNUSED_VARIABLE = YES;
				IPHONEOS_DEPLOYMENT_TARGET = 15.2;
				MTL_ENABLE_DEBUG_INFO = INCLUDE_SOURCE;
				MTL_FAST_MATH = YES;
				ONLY_ACTIVE_ARCH = YES;
				SDKROOT = iphoneos;
				SWIFT_ACTIVE_COMPILATION_CONDITIONS = DEBUG;
				SWIFT_OPTIMIZATION_LEVEL = "-Onone";
			};
			name = Debug;
		};
		FC853E9127962F64007680A9 /* Release */ = {
			isa = XCBuildConfiguration;
			buildSettings = {
				ALWAYS_SEARCH_USER_PATHS = NO;
				CLANG_ANALYZER_NONNULL = YES;
				CLANG_ANALYZER_NUMBER_OBJECT_CONVERSION = YES_AGGRESSIVE;
				CLANG_CXX_LANGUAGE_STANDARD = "gnu++17";
				CLANG_CXX_LIBRARY = "libc++";
				CLANG_ENABLE_MODULES = YES;
				CLANG_ENABLE_OBJC_ARC = YES;
				CLANG_ENABLE_OBJC_WEAK = YES;
				CLANG_WARN_BLOCK_CAPTURE_AUTORELEASING = YES;
				CLANG_WARN_BOOL_CONVERSION = YES;
				CLANG_WARN_COMMA = YES;
				CLANG_WARN_CONSTANT_CONVERSION = YES;
				CLANG_WARN_DEPRECATED_OBJC_IMPLEMENTATIONS = YES;
				CLANG_WARN_DIRECT_OBJC_ISA_USAGE = YES_ERROR;
				CLANG_WARN_DOCUMENTATION_COMMENTS = YES;
				CLANG_WARN_EMPTY_BODY = YES;
				CLANG_WARN_ENUM_CONVERSION = YES;
				CLANG_WARN_INFINITE_RECURSION = YES;
				CLANG_WARN_INT_CONVERSION = YES;
				CLANG_WARN_NON_LITERAL_NULL_CONVERSION = YES;
				CLANG_WARN_OBJC_IMPLICIT_RETAIN_SELF = YES;
				CLANG_WARN_OBJC_LITERAL_CONVERSION = YES;
				CLANG_WARN_OBJC_ROOT_CLASS = YES_ERROR;
				CLANG_WARN_QUOTED_INCLUDE_IN_FRAMEWORK_HEADER = YES;
				CLANG_WARN_RANGE_LOOP_ANALYSIS = YES;
				CLANG_WARN_STRICT_PROTOTYPES = YES;
				CLANG_WARN_SUSPICIOUS_MOVE = YES;
				CLANG_WARN_UNGUARDED_AVAILABILITY = YES_AGGRESSIVE;
				CLANG_WARN_UNREACHABLE_CODE = YES;
				CLANG_WARN__DUPLICATE_METHOD_MATCH = YES;
				COPY_PHASE_STRIP = NO;
				DEBUG_INFORMATION_FORMAT = "dwarf-with-dsym";
				ENABLE_NS_ASSERTIONS = NO;
				ENABLE_STRICT_OBJC_MSGSEND = YES;
				GCC_C_LANGUAGE_STANDARD = gnu11;
				GCC_NO_COMMON_BLOCKS = YES;
				GCC_WARN_64_TO_32_BIT_CONVERSION = YES;
				GCC_WARN_ABOUT_RETURN_TYPE = YES_ERROR;
				GCC_WARN_UNDECLARED_SELECTOR = YES;
				GCC_WARN_UNINITIALIZED_AUTOS = YES_AGGRESSIVE;
				GCC_WARN_UNUSED_FUNCTION = YES;
				GCC_WARN_UNUSED_VARIABLE = YES;
				IPHONEOS_DEPLOYMENT_TARGET = 15.2;
				MTL_ENABLE_DEBUG_INFO = NO;
				MTL_FAST_MATH = YES;
				SDKROOT = iphoneos;
				SWIFT_COMPILATION_MODE = wholemodule;
				SWIFT_OPTIMIZATION_LEVEL = "-O";
				VALIDATE_PRODUCT = YES;
			};
			name = Release;
		};
		FC853E9327962F64007680A9 /* Debug */ = {
			isa = XCBuildConfiguration;
			buildSettings = {
				ASSETCATALOG_COMPILER_APPICON_NAME = AppIcon;
				ASSETCATALOG_COMPILER_GLOBAL_ACCENT_COLOR_NAME = AccentColor;
				CODE_SIGN_STYLE = Automatic;
				CURRENT_PROJECT_VERSION = 1;
				DEVELOPMENT_TEAM = 35FN5AB6A3;
				GENERATE_INFOPLIST_FILE = YES;
				INFOPLIST_FILE = BGNetworkingTestApp/Info.plist;
				INFOPLIST_KEY_UIApplicationSupportsIndirectInputEvents = YES;
				INFOPLIST_KEY_UILaunchStoryboardName = LaunchScreen;
				INFOPLIST_KEY_UISupportedInterfaceOrientations_iPad = "UIInterfaceOrientationPortrait UIInterfaceOrientationPortraitUpsideDown UIInterfaceOrientationLandscapeLeft UIInterfaceOrientationLandscapeRight";
				INFOPLIST_KEY_UISupportedInterfaceOrientations_iPhone = "UIInterfaceOrientationPortrait UIInterfaceOrientationLandscapeLeft UIInterfaceOrientationLandscapeRight";
				LD_RUNPATH_SEARCH_PATHS = (
					"$(inherited)",
					"@executable_path/Frameworks",
				);
				MARKETING_VERSION = 1.0;
				PRODUCT_BUNDLE_IDENTIFIER = com.emilykcorso.BGNetworkingTestApp;
				PRODUCT_NAME = "$(TARGET_NAME)";
				SWIFT_EMIT_LOC_STRINGS = YES;
				SWIFT_VERSION = 5.0;
				TARGETED_DEVICE_FAMILY = "1,2";
			};
			name = Debug;
		};
		FC853E9427962F64007680A9 /* Release */ = {
			isa = XCBuildConfiguration;
			buildSettings = {
				ASSETCATALOG_COMPILER_APPICON_NAME = AppIcon;
				ASSETCATALOG_COMPILER_GLOBAL_ACCENT_COLOR_NAME = AccentColor;
				CODE_SIGN_STYLE = Automatic;
				CURRENT_PROJECT_VERSION = 1;
				DEVELOPMENT_TEAM = 35FN5AB6A3;
				GENERATE_INFOPLIST_FILE = YES;
				INFOPLIST_FILE = BGNetworkingTestApp/Info.plist;
				INFOPLIST_KEY_UIApplicationSupportsIndirectInputEvents = YES;
				INFOPLIST_KEY_UILaunchStoryboardName = LaunchScreen;
				INFOPLIST_KEY_UISupportedInterfaceOrientations_iPad = "UIInterfaceOrientationPortrait UIInterfaceOrientationPortraitUpsideDown UIInterfaceOrientationLandscapeLeft UIInterfaceOrientationLandscapeRight";
				INFOPLIST_KEY_UISupportedInterfaceOrientations_iPhone = "UIInterfaceOrientationPortrait UIInterfaceOrientationLandscapeLeft UIInterfaceOrientationLandscapeRight";
				LD_RUNPATH_SEARCH_PATHS = (
					"$(inherited)",
					"@executable_path/Frameworks",
				);
				MARKETING_VERSION = 1.0;
				PRODUCT_BUNDLE_IDENTIFIER = com.emilykcorso.BGNetworkingTestApp;
				PRODUCT_NAME = "$(TARGET_NAME)";
				SWIFT_EMIT_LOC_STRINGS = YES;
				SWIFT_VERSION = 5.0;
				TARGETED_DEVICE_FAMILY = "1,2";
			};
			name = Release;
		};
/* End XCBuildConfiguration section */

/* Begin XCConfigurationList section */
		FC853E7927962F60007680A9 /* Build configuration list for PBXProject "BGNetworkingTestApp" */ = {
			isa = XCConfigurationList;
			buildConfigurations = (
				FC853E9027962F64007680A9 /* Debug */,
				FC853E9127962F64007680A9 /* Release */,
			);
			defaultConfigurationIsVisible = 0;
			defaultConfigurationName = Release;
		};
		FC853E9227962F64007680A9 /* Build configuration list for PBXNativeTarget "BGNetworkingTestApp" */ = {
			isa = XCConfigurationList;
			buildConfigurations = (
				FC853E9327962F64007680A9 /* Debug */,
				FC853E9427962F64007680A9 /* Release */,
			);
			defaultConfigurationIsVisible = 0;
			defaultConfigurationName = Release;
		};
/* End XCConfigurationList section */

/* Begin XCRemoteSwiftPackageReference section */
		FC853E9927966375007680A9 /* XCRemoteSwiftPackageReference "SwiftSoup" */ = {
			isa = XCRemoteSwiftPackageReference;
			repositoryURL = "https://github.com/scinfu/SwiftSoup";
			requirement = {
				kind = upToNextMajorVersion;
				minimumVersion = 2.0.0;
			};
		};
/* End XCRemoteSwiftPackageReference section */

/* Begin XCSwiftPackageProductDependency section */
		FC853E9A27966375007680A9 /* SwiftSoup */ = {
			isa = XCSwiftPackageProductDependency;
			package = FC853E9927966375007680A9 /* XCRemoteSwiftPackageReference "SwiftSoup" */;
			productName = SwiftSoup;
		};
/* End XCSwiftPackageProductDependency section */
	};
	rootObject = FC853E7627962F60007680A9 /* Project object */;
}
